
Microsoft Visual Studio Solution File, Format Version 12.00
# Visual Studio Version 17
VisualStudioVersion = 17.9.34902.65
MinimumVisualStudioVersion = 10.0.40219.1
Project("{FAE04EC0-301F-11D3-BF4B-00C04F79EFBC}") = "elif4", "elif4\elif4.csproj", "{69D82867-22EB-4B43-B36B-99058DBD139C}"
EndProject
Global
	GlobalSection(SolutionConfigurationPlatforms) = preSolution
		Debug|Any CPU = Debug|Any CPU
		Release|Any CPU = Release|Any CPU
	EndGlobalSection
	GlobalSection(ProjectConfigurationPlatforms) = postSolution
		{69D82867-22EB-4B43-B36B-99058DBD139C}.Debug|Any CPU.ActiveCfg = Debug|Any CPU
		{69D82867-22EB-4B43-B36B-99058DBD139C}.Debug|Any CPU.Build.0 = Debug|Any CPU
		{69D82867-22EB-4B43-B36B-99058DBD139C}.Release|Any CPU.ActiveCfg = Release|Any CPU
		{69D82867-22EB-4B43-B36B-99058DBD139C}.Release|Any CPU.Build.0 = Release|Any CPU
	EndGlobalSection
	GlobalSection(SolutionProperties) = preSolution
		HideSolutionNode = FALSE
	EndGlobalSection
	GlobalSection(ExtensibilityGlobals) = postSolution
		SolutionGuid = {42155BAD-3CC8-400E-ADEE-14C0F643DF23}
	EndGlobalSection
EndGlobal
