
Microsoft Visual Studio Solution File, Format Version 12.00
# Visual Studio Version 17
VisualStudioVersion = 17.9.34902.65
MinimumVisualStudioVersion = 10.0.40219.1
Project("{FAE04EC0-301F-11D3-BF4B-00C04F79EFBC}") = "mass3", "mass3\mass3.csproj", "{FDAF8678-EFBC-4A29-84BF-16ABB2403253}"
EndProject
Global
	GlobalSection(SolutionConfigurationPlatforms) = preSolution
		Debug|Any CPU = Debug|Any CPU
		Release|Any CPU = Release|Any CPU
	EndGlobalSection
	GlobalSection(ProjectConfigurationPlatforms) = postSolution
		{FDAF8678-EFBC-4A29-84BF-16ABB2403253}.Debug|Any CPU.ActiveCfg = Debug|Any CPU
		{FDAF8678-EFBC-4A29-84BF-16ABB2403253}.Debug|Any CPU.Build.0 = Debug|Any CPU
		{FDAF8678-EFBC-4A29-84BF-16ABB2403253}.Release|Any CPU.ActiveCfg = Release|Any CPU
		{FDAF8678-EFBC-4A29-84BF-16ABB2403253}.Release|Any CPU.Build.0 = Release|Any CPU
	EndGlobalSection
	GlobalSection(SolutionProperties) = preSolution
		HideSolutionNode = FALSE
	EndGlobalSection
	GlobalSection(ExtensibilityGlobals) = postSolution
		SolutionGuid = {D5297054-DCE9-47C6-8508-A7CD8A20EDB8}
	EndGlobalSection
EndGlobal
