
Microsoft Visual Studio Solution File, Format Version 12.00
# Visual Studio Version 17
VisualStudioVersion = 17.9.34902.65
MinimumVisualStudioVersion = 10.0.40219.1
Project("{FAE04EC0-301F-11D3-BF4B-00C04F79EFBC}") = "int", "int\int.csproj", "{0499F2BA-5BE0-405C-A1CC-391B7ED5496D}"
EndProject
Global
	GlobalSection(SolutionConfigurationPlatforms) = preSolution
		Debug|Any CPU = Debug|Any CPU
		Release|Any CPU = Release|Any CPU
	EndGlobalSection
	GlobalSection(ProjectConfigurationPlatforms) = postSolution
		{0499F2BA-5BE0-405C-A1CC-391B7ED5496D}.Debug|Any CPU.ActiveCfg = Debug|Any CPU
		{0499F2BA-5BE0-405C-A1CC-391B7ED5496D}.Debug|Any CPU.Build.0 = Debug|Any CPU
		{0499F2BA-5BE0-405C-A1CC-391B7ED5496D}.Release|Any CPU.ActiveCfg = Release|Any CPU
		{0499F2BA-5BE0-405C-A1CC-391B7ED5496D}.Release|Any CPU.Build.0 = Release|Any CPU
	EndGlobalSection
	GlobalSection(SolutionProperties) = preSolution
		HideSolutionNode = FALSE
	EndGlobalSection
	GlobalSection(ExtensibilityGlobals) = postSolution
		SolutionGuid = {AA0DF33C-16E8-4DB1-830A-5781DF6E6527}
	EndGlobalSection
EndGlobal
